
Microsoft Visual Studio Solution File, Format Version 12.00
# Visual Studio 15
VisualStudioVersion = 15.0.28307.1062
MinimumVisualStudioVersion = 10.0.40219.1
Project("{8BC9CEB8-8B4A-11D0-8D11-00A0C91BC942}") = "Nine Men's Morris", "Nine Men's Morris\Nine Men's Morris.vcxproj", "{4BE6AE75-1562-4A2E-A91F-37C39E0B216E}"
EndProject
Global
	GlobalSection(SolutionConfigurationPlatforms) = preSolution
		Debug|x64 = Debug|x64
		Debug|x86 = Debug|x86
		Release|x64 = Release|x64
		Release|x86 = Release|x86
	EndGlobalSection
	GlobalSection(ProjectConfigurationPlatforms) = postSolution
		{4BE6AE75-1562-4A2E-A91F-37C39E0B216E}.Debug|x64.ActiveCfg = Debug|x64
		{4BE6AE75-1562-4A2E-A91F-37C39E0B216E}.Debug|x64.Build.0 = Debug|x64
		{4BE6AE75-1562-4A2E-A91F-37C39E0B216E}.Debug|x86.ActiveCfg = Debug|Win32
		{4BE6AE75-1562-4A2E-A91F-37C39E0B216E}.Debug|x86.Build.0 = Debug|Win32
		{4BE6AE75-1562-4A2E-A91F-37C39E0B216E}.Release|x64.ActiveCfg = Release|x64
		{4BE6AE75-1562-4A2E-A91F-37C39E0B216E}.Release|x64.Build.0 = Release|x64
		{4BE6AE75-1562-4A2E-A91F-37C39E0B216E}.Release|x86.ActiveCfg = Release|Win32
		{4BE6AE75-1562-4A2E-A91F-37C39E0B216E}.Release|x86.Build.0 = Release|Win32
	EndGlobalSection
	GlobalSection(SolutionProperties) = preSolution
		HideSolutionNode = FALSE
	EndGlobalSection
	GlobalSection(ExtensibilityGlobals) = postSolution
		SolutionGuid = {FD892964-74CA-42C1-A354-F745BAA6F158}
	EndGlobalSection
EndGlobal
